{
  "nodes": {
    "nix-darwin": {
      "inputs": {
        "nixpkgs": [
          "nixpkgs"
        ]
      },
      "locked": {
        "lastModified": 1719128254,
        "narHash": "sha256-I7jMpq0CAOZA/i70+HDQO/ulLttyQu/K70cSESiMX7A=",
        "owner": "LnL7",
        "repo": "nix-darwin",
        "rev": "50581970f37f06a4719001735828519925ef8310",
        "type": "github"
      },
      "original": {
        "owner": "LnL7",
        "repo": "nix-darwin",
        "type": "github"
      }
    },
    "nixpkgs": {
      "locked": {
        "lastModified": 1719379843,
        "narHash": "sha256-u+D+IOAMMl70+CJ9NKB+RMrASjInuIWMHzjLWQjPZ6c=",
        "owner": "NixOS",
        "repo": "nixpkgs",
        "rev": "b3f3c1b13fb08f3828442ee86630362e81136bbc",
        "type": "github"
      },
      "original": {
        "owner": "NixOS",
        "ref": "nixpkgs-unstable",
        "repo": "nixpkgs",
        "type": "github"
      }
    },
    "root": {
      "inputs": {
        "nix-darwin": "nix-darwin",
        "nixpkgs": "nixpkgs"
      }
    }
  },
  "root": "root",
  "version": 7
}
